
Microsoft Visual Studio Solution File, Format Version 12.00
# Visual Studio Version 17
VisualStudioVersion = 17.14.37314.3 d17.14
MinimumVisualStudioVersion = 10.0.40219.1
Project("{FAE04EC0-301F-11D3-BF4B-00C04F79EFBC}") = "Agencia.API", "Agencia.API\Agencia.API.csproj", "{00249ABF-7824-4557-8E80-623360926A6C}"
EndProject
Global
	GlobalSection(SolutionConfigurationPlatforms) = preSolution
		Debug|Any CPU = Debug|Any CPU
		Release|Any CPU = Release|Any CPU
	EndGlobalSection
	GlobalSection(ProjectConfigurationPlatforms) = postSolution
		{00249ABF-7824-4557-8E80-623360926A6C}.Debug|Any CPU.ActiveCfg = Debug|Any CPU
		{00249ABF-7824-4557-8E80-623360926A6C}.Debug|Any CPU.Build.0 = Debug|Any CPU
		{00249ABF-7824-4557-8E80-623360926A6C}.Release|Any CPU.ActiveCfg = Release|Any CPU
		{00249ABF-7824-4557-8E80-623360926A6C}.Release|Any CPU.Build.0 = Release|Any CPU
	EndGlobalSection
	GlobalSection(SolutionProperties) = preSolution
		HideSolutionNode = FALSE
	EndGlobalSection
	GlobalSection(ExtensibilityGlobals) = postSolution
		SolutionGuid = {A493E03F-3392-4CF6-AF40-2DA090108C19}
	EndGlobalSection
EndGlobal
